
Microsoft Visual Studio Solution File, Format Version 12.00
# Visual Studio Version 17
VisualStudioVersion = 17.14.36511.14 d17.14
MinimumVisualStudioVersion = 10.0.40219.1
Project("{FAE04EC0-301F-11D3-BF4B-00C04F79EFBC}") = "BeforeDelegates", "BeforeDelegates\BeforeDelegates.csproj", "{844AFC9D-D737-4D63-8E84-534D9E7FB8E2}"
EndProject
Project("{FAE04EC0-301F-11D3-BF4B-00C04F79EFBC}") = "AfterDelegates", "AfterDelegates\AfterDelegates.csproj", "{432F62C7-9BBD-4340-B67F-5F0E76ED127B}"
EndProject
Project("{FAE04EC0-301F-11D3-BF4B-00C04F79EFBC}") = "MulticastDelegate", "MulticastDelegate\MulticastDelegate.csproj", "{3DD83BB8-0A8C-44D7-B0A8-07D979F924B7}"
EndProject
Global
	GlobalSection(SolutionConfigurationPlatforms) = preSolution
		Debug|Any CPU = Debug|Any CPU
		Release|Any CPU = Release|Any CPU
	EndGlobalSection
	GlobalSection(ProjectConfigurationPlatforms) = postSolution
		{844AFC9D-D737-4D63-8E84-534D9E7FB8E2}.Debug|Any CPU.ActiveCfg = Debug|Any CPU
		{844AFC9D-D737-4D63-8E84-534D9E7FB8E2}.Debug|Any CPU.Build.0 = Debug|Any CPU
		{844AFC9D-D737-4D63-8E84-534D9E7FB8E2}.Release|Any CPU.ActiveCfg = Release|Any CPU
		{844AFC9D-D737-4D63-8E84-534D9E7FB8E2}.Release|Any CPU.Build.0 = Release|Any CPU
		{432F62C7-9BBD-4340-B67F-5F0E76ED127B}.Debug|Any CPU.ActiveCfg = Debug|Any CPU
		{432F62C7-9BBD-4340-B67F-5F0E76ED127B}.Debug|Any CPU.Build.0 = Debug|Any CPU
		{432F62C7-9BBD-4340-B67F-5F0E76ED127B}.Release|Any CPU.ActiveCfg = Release|Any CPU
		{432F62C7-9BBD-4340-B67F-5F0E76ED127B}.Release|Any CPU.Build.0 = Release|Any CPU
		{3DD83BB8-0A8C-44D7-B0A8-07D979F924B7}.Debug|Any CPU.ActiveCfg = Debug|Any CPU
		{3DD83BB8-0A8C-44D7-B0A8-07D979F924B7}.Debug|Any CPU.Build.0 = Debug|Any CPU
		{3DD83BB8-0A8C-44D7-B0A8-07D979F924B7}.Release|Any CPU.ActiveCfg = Release|Any CPU
		{3DD83BB8-0A8C-44D7-B0A8-07D979F924B7}.Release|Any CPU.Build.0 = Release|Any CPU
	EndGlobalSection
	GlobalSection(SolutionProperties) = preSolution
		HideSolutionNode = FALSE
	EndGlobalSection
	GlobalSection(ExtensibilityGlobals) = postSolution
		SolutionGuid = {E9139D80-24B6-4DEC-A75E-FADED3B8D85F}
	EndGlobalSection
EndGlobal
